PODS:
  - VonageClientSDKVideoMacOS (2.27.0)

DEPENDENCIES:
  - VonageClientSDKVideoMacOS (= 2.27.0)

SPEC REPOS:
  https://github.com/CocoaPods/Specs.git:
    - VonageClientSDKVideoMacOS

SPEC CHECKSUMS:
  VonageClientSDKVideoMacOS: b2a13160e24c46b02a1a4ab1acbe8363bfc41161

PODFILE CHECKSUM: 1d494927ce3a874988b96043647673de1bb28642

COCOAPODS: 1.12.1
