PODS:
  - VonageClientSDKVideoMacOS (2.24.0):
    - VonageWebRTC (= 99.2.39)
  - VonageWebRTC (99.2.39)

DEPENDENCIES:
  - VonageClientSDKVideoMacOS (= 2.24.0)

SPEC REPOS:
  https://github.com/CocoaPods/Specs.git:
    - VonageClientSDKVideoMacOS
    - VonageWebRTC

SPEC CHECKSUMS:
  VonageClientSDKVideoMacOS: b4dbaed5dff00ee302ab84ac366d31eb9bd9c812
  VonageWebRTC: 4b57187170ef4ea435006e932600646a0521d6b0

PODFILE CHECKSUM: 2b82a1774cf23ca20fed23fd6c60f6c433e5f00e

COCOAPODS: 1.11.3
