PODS:
  - VonageClientSDKVideoMacOS (2.27.0)

DEPENDENCIES:
  - VonageClientSDKVideoMacOS (= 2.27.0)

SPEC REPOS:
  https://github.com/CocoaPods/Specs.git:
    - VonageClientSDKVideoMacOS

SPEC CHECKSUMS:
  VonageClientSDKVideoMacOS: b2a13160e24c46b02a1a4ab1acbe8363bfc41161

PODFILE CHECKSUM: 2b82a1774cf23ca20fed23fd6c60f6c433e5f00e

COCOAPODS: 1.12.1
